
Microsoft Visual Studio Solution File, Format Version 12.00
# Visual Studio Version 17
VisualStudioVersion = 17.5.33424.131
MinimumVisualStudioVersion = 10.0.40219.1
Project("{FAE04EC0-301F-11D3-BF4B-00C04F79EFBC}") = "Examen Progra2", "Examen Progra2\Examen Progra2.csproj", "{3FA01663-D12E-4E5D-AE91-50F60A7E62DE}"
EndProject
Global
	GlobalSection(SolutionConfigurationPlatforms) = preSolution
		Debug|Any CPU = Debug|Any CPU
		Release|Any CPU = Release|Any CPU
	EndGlobalSection
	GlobalSection(ProjectConfigurationPlatforms) = postSolution
		{3FA01663-D12E-4E5D-AE91-50F60A7E62DE}.Debug|Any CPU.ActiveCfg = Debug|Any CPU
		{3FA01663-D12E-4E5D-AE91-50F60A7E62DE}.Debug|Any CPU.Build.0 = Debug|Any CPU
		{3FA01663-D12E-4E5D-AE91-50F60A7E62DE}.Release|Any CPU.ActiveCfg = Release|Any CPU
		{3FA01663-D12E-4E5D-AE91-50F60A7E62DE}.Release|Any CPU.Build.0 = Release|Any CPU
	EndGlobalSection
	GlobalSection(SolutionProperties) = preSolution
		HideSolutionNode = FALSE
	EndGlobalSection
	GlobalSection(ExtensibilityGlobals) = postSolution
		SolutionGuid = {8D2CAC8E-B1E5-4205-96FB-E1057711A74E}
	EndGlobalSection
EndGlobal
